{
  "nodes": {
    "astarte-sdk-python": {
      "flake": false,
      "locked": {
        "lastModified": 1731604509,
        "narHash": "sha256-/weRuXXGsd1J6J8jDLL1qHms5gySpM3ScFFS7q3TZUY=",
        "owner": "astarte-platform",
        "repo": "astarte-device-sdk-python",
        "rev": "e56c4b1d4c97f8de1532c17600bbfda0e4852238",
        "type": "github"
      },
      "original": {
        "owner": "astarte-platform",
        "repo": "astarte-device-sdk-python",
        "type": "github"
      }
    },
    "nixpkgs": {
      "locked": {
        "lastModified": 1731890469,
        "narHash": "sha256-D1FNZ70NmQEwNxpSSdTXCSklBH1z2isPR84J6DQrJGs=",
        "owner": "NixOS",
        "repo": "nixpkgs",
        "rev": "5083ec887760adfe12af64830a66807423a859a7",
        "type": "github"
      },
      "original": {
        "owner": "NixOS",
        "ref": "nixpkgs-unstable",
        "repo": "nixpkgs",
        "type": "github"
      }
    },
    "root": {
      "inputs": {
        "astarte-sdk-python": "astarte-sdk-python",
        "nixpkgs": "nixpkgs"
      }
    }
  },
  "root": "root",
  "version": 7
}
